
Microsoft Visual Studio Solution File, Format Version 12.00
# Visual Studio Version 16
VisualStudioVersion = 16.0.29509.3
MinimumVisualStudioVersion = 10.0.40219.1
Project("{9A19103F-16F7-4668-BE54-9A1E7A4F7556}") = "ProjectWithNugetPackage", "ProjectWithNugetPackage\ProjectWithNugetPackage.csproj", "{EE88FE25-A116-4582-AC68-1054FE91DB95}"
EndProject
Project("{FAE04EC0-301F-11D3-BF4B-00C04F79EFBC}") = "IntermediateProject", "IntermediateProject\IntermediateProject.csproj", "{1723E185-CE10-4260-AEA8-3D4FFEE18E69}"
EndProject
Project("{FAE04EC0-301F-11D3-BF4B-00C04F79EFBC}") = "NUnitTestProjectWithIndirectDependencies", "NUnitTestProjectWithIndirectDependencies\NUnitTestProjectWithIndirectDependencies.csproj", "{8FFB0F60-41CC-4008-85D9-931E0A8B8B1C}"
EndProject
Global
	GlobalSection(SolutionConfigurationPlatforms) = preSolution
		Debug|Any CPU = Debug|Any CPU
		Release|Any CPU = Release|Any CPU
	EndGlobalSection
	GlobalSection(ProjectConfigurationPlatforms) = postSolution
		{EE88FE25-A116-4582-AC68-1054FE91DB95}.Debug|Any CPU.ActiveCfg = Debug|Any CPU
		{EE88FE25-A116-4582-AC68-1054FE91DB95}.Debug|Any CPU.Build.0 = Debug|Any CPU
		{EE88FE25-A116-4582-AC68-1054FE91DB95}.Release|Any CPU.ActiveCfg = Release|Any CPU
		{EE88FE25-A116-4582-AC68-1054FE91DB95}.Release|Any CPU.Build.0 = Release|Any CPU
		{1723E185-CE10-4260-AEA8-3D4FFEE18E69}.Debug|Any CPU.ActiveCfg = Debug|Any CPU
		{1723E185-CE10-4260-AEA8-3D4FFEE18E69}.Debug|Any CPU.Build.0 = Debug|Any CPU
		{1723E185-CE10-4260-AEA8-3D4FFEE18E69}.Release|Any CPU.ActiveCfg = Release|Any CPU
		{1723E185-CE10-4260-AEA8-3D4FFEE18E69}.Release|Any CPU.Build.0 = Release|Any CPU
		{8FFB0F60-41CC-4008-85D9-931E0A8B8B1C}.Debug|Any CPU.ActiveCfg = Debug|Any CPU
		{8FFB0F60-41CC-4008-85D9-931E0A8B8B1C}.Debug|Any CPU.Build.0 = Debug|Any CPU
		{8FFB0F60-41CC-4008-85D9-931E0A8B8B1C}.Release|Any CPU.ActiveCfg = Release|Any CPU
		{8FFB0F60-41CC-4008-85D9-931E0A8B8B1C}.Release|Any CPU.Build.0 = Release|Any CPU
	EndGlobalSection
	GlobalSection(SolutionProperties) = preSolution
		HideSolutionNode = FALSE
	EndGlobalSection
	GlobalSection(ExtensibilityGlobals) = postSolution
		SolutionGuid = {66BEFBBF-207B-4C08-9AD4-39F17C415165}
	EndGlobalSection
EndGlobal
